
Microsoft Visual Studio Solution File, Format Version 12.00
# Visual Studio Version 16
VisualStudioVersion = 25.0.1706.4
MinimumVisualStudioVersion = 10.0.40219.1
Project("{FAE04EC0-301F-11D3-BF4B-00C04F79EFBC}") = "AstroScreen_Cinema", "AstroScreen_Cinema\AstroScreen_Cinema.csproj", "{8DD2BA7E-DBB9-425A-A916-C01A4CF6ACBF}"
EndProject
Global
	GlobalSection(SolutionConfigurationPlatforms) = preSolution
		Debug|Any CPU = Debug|Any CPU
		Release|Any CPU = Release|Any CPU
	EndGlobalSection
	GlobalSection(ProjectConfigurationPlatforms) = postSolution
		{8DD2BA7E-DBB9-425A-A916-C01A4CF6ACBF}.Debug|Any CPU.ActiveCfg = Debug|Any CPU
		{8DD2BA7E-DBB9-425A-A916-C01A4CF6ACBF}.Debug|Any CPU.Build.0 = Debug|Any CPU
		{8DD2BA7E-DBB9-425A-A916-C01A4CF6ACBF}.Release|Any CPU.ActiveCfg = Release|Any CPU
		{8DD2BA7E-DBB9-425A-A916-C01A4CF6ACBF}.Release|Any CPU.Build.0 = Release|Any CPU
	EndGlobalSection
	GlobalSection(SolutionProperties) = preSolution
		HideSolutionNode = FALSE
	EndGlobalSection
	GlobalSection(ExtensibilityGlobals) = postSolution
		SolutionGuid = {CCE7D211-F81B-4ACF-9196-96174D231911}
	EndGlobalSection
EndGlobal
